
Microsoft Visual Studio Solution File, Format Version 12.00
# Visual Studio Version 16
VisualStudioVersion = 16.0.31613.86
MinimumVisualStudioVersion = 10.0.40219.1
Project("{FAE04EC0-301F-11D3-BF4B-00C04F79EFBC}") = "CSharpExercises", "CSharpExercises.csproj", "{1951D4F1-06E9-49C7-B2EB-D628D8FA5BEB}"
EndProject
Global
	GlobalSection(SolutionConfigurationPlatforms) = preSolution
		Debug|Any CPU = Debug|Any CPU
		Release|Any CPU = Release|Any CPU
	EndGlobalSection
	GlobalSection(ProjectConfigurationPlatforms) = postSolution
		{1951D4F1-06E9-49C7-B2EB-D628D8FA5BEB}.Debug|Any CPU.ActiveCfg = Debug|Any CPU
		{1951D4F1-06E9-49C7-B2EB-D628D8FA5BEB}.Debug|Any CPU.Build.0 = Debug|Any CPU
		{1951D4F1-06E9-49C7-B2EB-D628D8FA5BEB}.Release|Any CPU.ActiveCfg = Release|Any CPU
		{1951D4F1-06E9-49C7-B2EB-D628D8FA5BEB}.Release|Any CPU.Build.0 = Release|Any CPU
	EndGlobalSection
	GlobalSection(SolutionProperties) = preSolution
		HideSolutionNode = FALSE
	EndGlobalSection
	GlobalSection(ExtensibilityGlobals) = postSolution
		SolutionGuid = {1A136E82-5645-43DD-B9C0-F7409F26EE04}
	EndGlobalSection
EndGlobal
